// !$*UTF8*$!
{
	archiveVersion = 1;
	classes = {
	};
	objectVersion = 55;
	objects = {

/* Begin PBXBuildFile section */
		5803566F2872EE43004A9BC5 /* RCTSvgEditor.framework in Frameworks */ = {isa = PBXBuildFile; fileRef = 580356642872EE43004A9BC5 /* RCTSvgEditor.framework */; };
		580356742872EE43004A9BC5 /* RCTSvgEditorTests.swift in Sources */ = {isa = PBXBuildFile; fileRef = 580356732872EE43004A9BC5 /* RCTSvgEditorTests.swift */; };
		580356752872EE43004A9BC5 /* RCTSvgEditor.h in Headers */ = {isa = PBXBuildFile; fileRef = 580356672872EE43004A9BC5 /* RCTSvgEditor.h */; settings = {ATTRIBUTES = (Public, ); }; };
		5803567F2872EEDF004A9BC5 /* RCTSvgEditor.m in Sources */ = {isa = PBXBuildFile; fileRef = 5803567E2872EEDF004A9BC5 /* RCTSvgEditor.m */; };
/* End PBXBuildFile section */

/* Begin PBXContainerItemProxy section */
		580356702872EE43004A9BC5 /* PBXContainerItemProxy */ = {
			isa = PBXContainerItemProxy;
			containerPortal = 5803565B2872EE43004A9BC5 /* Project object */;
			proxyType = 1;
			remoteGlobalIDString = 580356632872EE43004A9BC5;
			remoteInfo = RCTSvgEditor;
		};
/* End PBXContainerItemProxy section */

/* Begin PBXFileReference section */
		580356642872EE43004A9BC5 /* RCTSvgEditor.framework */ = {isa = PBXFileReference; explicitFileType = wrapper.framework; includeInIndex = 0; path = RCTSvgEditor.framework; sourceTree = BUILT_PRODUCTS_DIR; };
		580356672872EE43004A9BC5 /* RCTSvgEditor.h */ = {isa = PBXFileReference; lastKnownFileType = sourcecode.c.h; path = RCTSvgEditor.h; sourceTree = "<group>"; };
		5803566E2872EE43004A9BC5 /* RCTSvgEditorTests.xctest */ = {isa = PBXFileReference; explicitFileType = wrapper.cfbundle; includeInIndex = 0; path = RCTSvgEditorTests.xctest; sourceTree = BUILT_PRODUCTS_DIR; };
		580356732872EE43004A9BC5 /* RCTSvgEditorTests.swift */ = {isa = PBXFileReference; lastKnownFileType = sourcecode.swift; path = RCTSvgEditorTests.swift; sourceTree = "<group>"; };
		5803567E2872EEDF004A9BC5 /* RCTSvgEditor.m */ = {isa = PBXFileReference; lastKnownFileType = sourcecode.c.objc; path = RCTSvgEditor.m; sourceTree = "<group>"; };
/* End PBXFileReference section */

/* Begin PBXFrameworksBuildPhase section */
		580356612872EE43004A9BC5 /* Frameworks */ = {
			isa = PBXFrameworksBuildPhase;
			buildActionMask = 2147483647;
			files = (
			);
			runOnlyForDeploymentPostprocessing = 0;
		};
		5803566B2872EE43004A9BC5 /* Frameworks */ = {
			isa = PBXFrameworksBuildPhase;
			buildActionMask = 2147483647;
			files = (
				5803566F2872EE43004A9BC5 /* RCTSvgEditor.framework in Frameworks */,
			);
			runOnlyForDeploymentPostprocessing = 0;
		};
/* End PBXFrameworksBuildPhase section */

/* Begin PBXGroup section */
		5803565A2872EE43004A9BC5 = {
			isa = PBXGroup;
			children = (
				580356662872EE43004A9BC5 /* RCTSvgEditor */,
				580356722872EE43004A9BC5 /* RCTSvgEditorTests */,
				580356652872EE43004A9BC5 /* Products */,
			);
			sourceTree = "<group>";
		};
		580356652872EE43004A9BC5 /* Products */ = {
			isa = PBXGroup;
			children = (
				580356642872EE43004A9BC5 /* RCTSvgEditor.framework */,
				5803566E2872EE43004A9BC5 /* RCTSvgEditorTests.xctest */,
			);
			name = Products;
			sourceTree = "<group>";
		};
		580356662872EE43004A9BC5 /* RCTSvgEditor */ = {
			isa = PBXGroup;
			children = (
				580356672872EE43004A9BC5 /* RCTSvgEditor.h */,
				5803567E2872EEDF004A9BC5 /* RCTSvgEditor.m */,
			);
			path = RCTSvgEditor;
			sourceTree = "<group>";
		};
		580356722872EE43004A9BC5 /* RCTSvgEditorTests */ = {
			isa = PBXGroup;
			children = (
				580356732872EE43004A9BC5 /* RCTSvgEditorTests.swift */,
			);
			path = RCTSvgEditorTests;
			sourceTree = "<group>";
		};
/* End PBXGroup section */

/* Begin PBXHeadersBuildPhase section */
		5803565F2872EE43004A9BC5 /* Headers */ = {
			isa = PBXHeadersBuildPhase;
			buildActionMask = 2147483647;
			files = (
				580356752872EE43004A9BC5 /* RCTSvgEditor.h in Headers */,
			);
			runOnlyForDeploymentPostprocessing = 0;
		};
/* End PBXHeadersBuildPhase section */

/* Begin PBXNativeTarget section */
		580356632872EE43004A9BC5 /* RCTSvgEditor */ = {
			isa = PBXNativeTarget;
			buildConfigurationList = 580356782872EE43004A9BC5 /* Build configuration list for PBXNativeTarget "RCTSvgEditor" */;
			buildPhases = (
				5803565F2872EE43004A9BC5 /* Headers */,
				580356602872EE43004A9BC5 /* Sources */,
				580356612872EE43004A9BC5 /* Frameworks */,
				580356622872EE43004A9BC5 /* Resources */,
			);
			buildRules = (
			);
			dependencies = (
			);
			name = RCTSvgEditor;
			productName = RCTSvgEditor;
			productReference = 580356642872EE43004A9BC5 /* RCTSvgEditor.framework */;
			productType = "com.apple.product-type.framework";
		};
		5803566D2872EE43004A9BC5 /* RCTSvgEditorTests */ = {
			isa = PBXNativeTarget;
			buildConfigurationList = 5803567B2872EE43004A9BC5 /* Build configuration list for PBXNativeTarget "RCTSvgEditorTests" */;
			buildPhases = (
				5803566A2872EE43004A9BC5 /* Sources */,
				5803566B2872EE43004A9BC5 /* Frameworks */,
				5803566C2872EE43004A9BC5 /* Resources */,
			);
			buildRules = (
			);
			dependencies = (
				580356712872EE43004A9BC5 /* PBXTargetDependency */,
			);
			name = RCTSvgEditorTests;
			productName = RCTSvgEditorTests;
			productReference = 5803566E2872EE43004A9BC5 /* RCTSvgEditorTests.xctest */;
			productType = "com.apple.product-type.bundle.unit-test";
		};
/* End PBXNativeTarget section */

/* Begin PBXProject section */
		5803565B2872EE43004A9BC5 /* Project object */ = {
			isa = PBXProject;
			attributes = {
				BuildIndependentTargetsInParallel = 1;
				LastSwiftUpdateCheck = 1340;
				LastUpgradeCheck = 1340;
				TargetAttributes = {
					580356632872EE43004A9BC5 = {
						CreatedOnToolsVersion = 13.4.1;
					};
					5803566D2872EE43004A9BC5 = {
						CreatedOnToolsVersion = 13.4.1;
					};
				};
			};
			buildConfigurationList = 5803565E2872EE43004A9BC5 /* Build configuration list for PBXProject "RCTSvgEditor" */;
			compatibilityVersion = "Xcode 13.0";
			developmentRegion = en;
			hasScannedForEncodings = 0;
			knownRegions = (
				en,
				Base,
			);
			mainGroup = 5803565A2872EE43004A9BC5;
			productRefGroup = 580356652872EE43004A9BC5 /* Products */;
			projectDirPath = "";
			projectRoot = "";
			targets = (
				580356632872EE43004A9BC5 /* RCTSvgEditor */,
				5803566D2872EE43004A9BC5 /* RCTSvgEditorTests */,
			);
		};
/* End PBXProject section */

/* Begin PBXResourcesBuildPhase section */
		580356622872EE43004A9BC5 /* Resources */ = {
			isa = PBXResourcesBuildPhase;
			buildActionMask = 2147483647;
			files = (
			);
			runOnlyForDeploymentPostprocessing = 0;
		};
		5803566C2872EE43004A9BC5 /* Resources */ = {
			isa = PBXResourcesBuildPhase;
			buildActionMask = 2147483647;
			files = (
			);
			runOnlyForDeploymentPostprocessing = 0;
		};
/* End PBXResourcesBuildPhase section */

/* Begin PBXSourcesBuildPhase section */
		580356602872EE43004A9BC5 /* Sources */ = {
			isa = PBXSourcesBuildPhase;
			buildActionMask = 2147483647;
			files = (
				5803567F2872EEDF004A9BC5 /* RCTSvgEditor.m in Sources */,
			);
			runOnlyForDeploymentPostprocessing = 0;
		};
		5803566A2872EE43004A9BC5 /* Sources */ = {
			isa = PBXSourcesBuildPhase;
			buildActionMask = 2147483647;
			files = (
				580356742872EE43004A9BC5 /* RCTSvgEditorTests.swift in Sources */,
			);
			runOnlyForDeploymentPostprocessing = 0;
		};
/* End PBXSourcesBuildPhase section */

/* Begin PBXTargetDependency section */
		580356712872EE43004A9BC5 /* PBXTargetDependency */ = {
			isa = PBXTargetDependency;
			target = 580356632872EE43004A9BC5 /* RCTSvgEditor */;
			targetProxy = 580356702872EE43004A9BC5 /* PBXContainerItemProxy */;
		};
/* End PBXTargetDependency section */

/* Begin XCBuildConfiguration section */
		580356762872EE43004A9BC5 /* Debug */ = {
			isa = XCBuildConfiguration;
			buildSettings = {
				ALWAYS_SEARCH_USER_PATHS = NO;
				CLANG_ANALYZER_NONNULL = YES;
				CLANG_ANALYZER_NUMBER_OBJECT_CONVERSION = YES_AGGRESSIVE;
				CLANG_CXX_LANGUAGE_STANDARD = "gnu++17";
				CLANG_ENABLE_MODULES = YES;
				CLANG_ENABLE_OBJC_ARC = YES;
				CLANG_ENABLE_OBJC_WEAK = YES;
				CLANG_WARN_BLOCK_CAPTURE_AUTORELEASING = YES;
				CLANG_WARN_BOOL_CONVERSION = YES;
				CLANG_WARN_COMMA = YES;
				CLANG_WARN_CONSTANT_CONVERSION = YES;
				CLANG_WARN_DEPRECATED_OBJC_IMPLEMENTATIONS = YES;
				CLANG_WARN_DIRECT_OBJC_ISA_USAGE = YES_ERROR;
				CLANG_WARN_DOCUMENTATION_COMMENTS = YES;
				CLANG_WARN_EMPTY_BODY = YES;
				CLANG_WARN_ENUM_CONVERSION = YES;
				CLANG_WARN_INFINITE_RECURSION = YES;
				CLANG_WARN_INT_CONVERSION = YES;
				CLANG_WARN_NON_LITERAL_NULL_CONVERSION = YES;
				CLANG_WARN_OBJC_IMPLICIT_RETAIN_SELF = YES;
				CLANG_WARN_OBJC_LITERAL_CONVERSION = YES;
				CLANG_WARN_OBJC_ROOT_CLASS = YES_ERROR;
				CLANG_WARN_QUOTED_INCLUDE_IN_FRAMEWORK_HEADER = YES;
				CLANG_WARN_RANGE_LOOP_ANALYSIS = YES;
				CLANG_WARN_STRICT_PROTOTYPES = YES;
				CLANG_WARN_SUSPICIOUS_MOVE = YES;
				CLANG_WARN_UNGUARDED_AVAILABILITY = YES_AGGRESSIVE;
				CLANG_WARN_UNREACHABLE_CODE = YES;
				CLANG_WARN__DUPLICATE_METHOD_MATCH = YES;
				COPY_PHASE_STRIP = NO;
				CURRENT_PROJECT_VERSION = 1;
				DEBUG_INFORMATION_FORMAT = dwarf;
				ENABLE_STRICT_OBJC_MSGSEND = YES;
				ENABLE_TESTABILITY = YES;
				GCC_C_LANGUAGE_STANDARD = gnu11;
				GCC_DYNAMIC_NO_PIC = NO;
				GCC_NO_COMMON_BLOCKS = YES;
				GCC_OPTIMIZATION_LEVEL = 0;
				GCC_PREPROCESSOR_DEFINITIONS = (
					"DEBUG=1",
					"$(inherited)",
				);
				GCC_WARN_64_TO_32_BIT_CONVERSION = YES;
				GCC_WARN_ABOUT_RETURN_TYPE = YES_ERROR;
				GCC_WARN_UNDECLARED_SELECTOR = YES;
				GCC_WARN_UNINITIALIZED_AUTOS = YES_AGGRESSIVE;
				GCC_WARN_UNUSED_FUNCTION = YES;
				GCC_WARN_UNUSED_VARIABLE = YES;
				IPHONEOS_DEPLOYMENT_TARGET = 15.5;
				MTL_ENABLE_DEBUG_INFO = INCLUDE_SOURCE;
				MTL_FAST_MATH = YES;
				ONLY_ACTIVE_ARCH = YES;
				SDKROOT = iphoneos;
				SWIFT_ACTIVE_COMPILATION_CONDITIONS = DEBUG;
				SWIFT_OPTIMIZATION_LEVEL = "-Onone";
				VERSIONING_SYSTEM = "apple-generic";
				VERSION_INFO_PREFIX = "";
			};
			name = Debug;
		};
		580356772872EE43004A9BC5 /* Release */ = {
			isa = XCBuildConfiguration;
			buildSettings = {
				ALWAYS_SEARCH_USER_PATHS = NO;
				CLANG_ANALYZER_NONNULL = YES;
				CLANG_ANALYZER_NUMBER_OBJECT_CONVERSION = YES_AGGRESSIVE;
				CLANG_CXX_LANGUAGE_STANDARD = "gnu++17";
				CLANG_ENABLE_MODULES = YES;
				CLANG_ENABLE_OBJC_ARC = YES;
				CLANG_ENABLE_OBJC_WEAK = YES;
				CLANG_WARN_BLOCK_CAPTURE_AUTORELEASING = YES;
				CLANG_WARN_BOOL_CONVERSION = YES;
				CLANG_WARN_COMMA = YES;
				CLANG_WARN_CONSTANT_CONVERSION = YES;
				CLANG_WARN_DEPRECATED_OBJC_IMPLEMENTATIONS = YES;
				CLANG_WARN_DIRECT_OBJC_ISA_USAGE = YES_ERROR;
				CLANG_WARN_DOCUMENTATION_COMMENTS = YES;
				CLANG_WARN_EMPTY_BODY = YES;
				CLANG_WARN_ENUM_CONVERSION = YES;
				CLANG_WARN_INFINITE_RECURSION = YES;
				CLANG_WARN_INT_CONVERSION = YES;
				CLANG_WARN_NON_LITERAL_NULL_CONVERSION = YES;
				CLANG_WARN_OBJC_IMPLICIT_RETAIN_SELF = YES;
				CLANG_WARN_OBJC_LITERAL_CONVERSION = YES;
				CLANG_WARN_OBJC_ROOT_CLASS = YES_ERROR;
				CLANG_WARN_QUOTED_INCLUDE_IN_FRAMEWORK_HEADER = YES;
				CLANG_WARN_RANGE_LOOP_ANALYSIS = YES;
				CLANG_WARN_STRICT_PROTOTYPES = YES;
				CLANG_WARN_SUSPICIOUS_MOVE = YES;
				CLANG_WARN_UNGUARDED_AVAILABILITY = YES_AGGRESSIVE;
				CLANG_WARN_UNREACHABLE_CODE = YES;
				CLANG_WARN__DUPLICATE_METHOD_MATCH = YES;
				COPY_PHASE_STRIP = NO;
				CURRENT_PROJECT_VERSION = 1;
				DEBUG_INFORMATION_FORMAT = "dwarf-with-dsym";
				ENABLE_NS_ASSERTIONS = NO;
				ENABLE_STRICT_OBJC_MSGSEND = YES;
				GCC_C_LANGUAGE_STANDARD = gnu11;
				GCC_NO_COMMON_BLOCKS = YES;
				GCC_WARN_64_TO_32_BIT_CONVERSION = YES;
				GCC_WARN_ABOUT_RETURN_TYPE = YES_ERROR;
				GCC_WARN_UNDECLARED_SELECTOR = YES;
				GCC_WARN_UNINITIALIZED_AUTOS = YES_AGGRESSIVE;
				GCC_WARN_UNUSED_FUNCTION = YES;
				GCC_WARN_UNUSED_VARIABLE = YES;
				IPHONEOS_DEPLOYMENT_TARGET = 15.5;
				MTL_ENABLE_DEBUG_INFO = NO;
				MTL_FAST_MATH = YES;
				SDKROOT = iphoneos;
				SWIFT_COMPILATION_MODE = wholemodule;
				SWIFT_OPTIMIZATION_LEVEL = "-O";
				VALIDATE_PRODUCT = YES;
				VERSIONING_SYSTEM = "apple-generic";
				VERSION_INFO_PREFIX = "";
			};
			name = Release;
		};
		580356792872EE43004A9BC5 /* Debug */ = {
			isa = XCBuildConfiguration;
			buildSettings = {
				CODE_SIGN_STYLE = Automatic;
				CURRENT_PROJECT_VERSION = 1;
				DEFINES_MODULE = YES;
				DEVELOPMENT_TEAM = 8GJSY27R5Z;
				DYLIB_COMPATIBILITY_VERSION = 1;
				DYLIB_CURRENT_VERSION = 1;
				DYLIB_INSTALL_NAME_BASE = "@rpath";
				GENERATE_INFOPLIST_FILE = YES;
				INFOPLIST_KEY_NSHumanReadableCopyright = "";
				INSTALL_PATH = "$(LOCAL_LIBRARY_DIR)/Frameworks";
				LD_RUNPATH_SEARCH_PATHS = (
					"$(inherited)",
					"@executable_path/Frameworks",
					"@loader_path/Frameworks",
				);
				MARKETING_VERSION = 1.0;
				PRODUCT_BUNDLE_IDENTIFIER = com.devjeff.RCTSvgEditor;
				PRODUCT_NAME = "$(TARGET_NAME:c99extidentifier)";
				SKIP_INSTALL = YES;
				SWIFT_EMIT_LOC_STRINGS = YES;
				SWIFT_VERSION = 5.0;
				TARGETED_DEVICE_FAMILY = "1,2";
			};
			name = Debug;
		};
		5803567A2872EE43004A9BC5 /* Release */ = {
			isa = XCBuildConfiguration;
			buildSettings = {
				CODE_SIGN_STYLE = Automatic;
				CURRENT_PROJECT_VERSION = 1;
				DEFINES_MODULE = YES;
				DEVELOPMENT_TEAM = 8GJSY27R5Z;
				DYLIB_COMPATIBILITY_VERSION = 1;
				DYLIB_CURRENT_VERSION = 1;
				DYLIB_INSTALL_NAME_BASE = "@rpath";
				GENERATE_INFOPLIST_FILE = YES;
				INFOPLIST_KEY_NSHumanReadableCopyright = "";
				INSTALL_PATH = "$(LOCAL_LIBRARY_DIR)/Frameworks";
				LD_RUNPATH_SEARCH_PATHS = (
					"$(inherited)",
					"@executable_path/Frameworks",
					"@loader_path/Frameworks",
				);
				MARKETING_VERSION = 1.0;
				PRODUCT_BUNDLE_IDENTIFIER = com.devjeff.RCTSvgEditor;
				PRODUCT_NAME = "$(TARGET_NAME:c99extidentifier)";
				SKIP_INSTALL = YES;
				SWIFT_EMIT_LOC_STRINGS = YES;
				SWIFT_VERSION = 5.0;
				TARGETED_DEVICE_FAMILY = "1,2";
			};
			name = Release;
		};
		5803567C2872EE43004A9BC5 /* Debug */ = {
			isa = XCBuildConfiguration;
			buildSettings = {
				CODE_SIGN_STYLE = Automatic;
				CURRENT_PROJECT_VERSION = 1;
				DEVELOPMENT_TEAM = 8GJSY27R5Z;
				GENERATE_INFOPLIST_FILE = YES;
				MARKETING_VERSION = 1.0;
				PRODUCT_BUNDLE_IDENTIFIER = com.devjeff.RCTSvgEditorTests;
				PRODUCT_NAME = "$(TARGET_NAME)";
				SWIFT_EMIT_LOC_STRINGS = NO;
				SWIFT_VERSION = 5.0;
				TARGETED_DEVICE_FAMILY = "1,2";
			};
			name = Debug;
		};
		5803567D2872EE43004A9BC5 /* Release */ = {
			isa = XCBuildConfiguration;
			buildSettings = {
				CODE_SIGN_STYLE = Automatic;
				CURRENT_PROJECT_VERSION = 1;
				DEVELOPMENT_TEAM = 8GJSY27R5Z;
				GENERATE_INFOPLIST_FILE = YES;
				MARKETING_VERSION = 1.0;
				PRODUCT_BUNDLE_IDENTIFIER = com.devjeff.RCTSvgEditorTests;
				PRODUCT_NAME = "$(TARGET_NAME)";
				SWIFT_EMIT_LOC_STRINGS = NO;
				SWIFT_VERSION = 5.0;
				TARGETED_DEVICE_FAMILY = "1,2";
			};
			name = Release;
		};
/* End XCBuildConfiguration section */

/* Begin XCConfigurationList section */
		5803565E2872EE43004A9BC5 /* Build configuration list for PBXProject "RCTSvgEditor" */ = {
			isa = XCConfigurationList;
			buildConfigurations = (
				580356762872EE43004A9BC5 /* Debug */,
				580356772872EE43004A9BC5 /* Release */,
			);
			defaultConfigurationIsVisible = 0;
			defaultConfigurationName = Release;
		};
		580356782872EE43004A9BC5 /* Build configuration list for PBXNativeTarget "RCTSvgEditor" */ = {
			isa = XCConfigurationList;
			buildConfigurations = (
				580356792872EE43004A9BC5 /* Debug */,
				5803567A2872EE43004A9BC5 /* Release */,
			);
			defaultConfigurationIsVisible = 0;
			defaultConfigurationName = Release;
		};
		5803567B2872EE43004A9BC5 /* Build configuration list for PBXNativeTarget "RCTSvgEditorTests" */ = {
			isa = XCConfigurationList;
			buildConfigurations = (
				5803567C2872EE43004A9BC5 /* Debug */,
				5803567D2872EE43004A9BC5 /* Release */,
			);
			defaultConfigurationIsVisible = 0;
			defaultConfigurationName = Release;
		};
/* End XCConfigurationList section */
	};
	rootObject = 5803565B2872EE43004A9BC5 /* Project object */;
}
